
Microsoft Visual Studio Solution File, Format Version 12.00
# Visual Studio 2017
Project("{FAE04EC0-301F-11D3-BF4B-00C04F79EFBC}") = "COMP30019_proj2", "COMP30019_proj2.csproj", "{19B91E1C-DD99-A2FF-D4C7-D1D2E91A899E}"
EndProject
Global
	GlobalSection(SolutionConfigurationPlatforms) = preSolution
		Debug|Any CPU = Debug|Any CPU
		Release|Any CPU = Release|Any CPU
	EndGlobalSection
	GlobalSection(ProjectConfigurationPlatforms) = postSolution
		{19B91E1C-DD99-A2FF-D4C7-D1D2E91A899E}.Debug|Any CPU.ActiveCfg = Debug|Any CPU
		{19B91E1C-DD99-A2FF-D4C7-D1D2E91A899E}.Debug|Any CPU.Build.0 = Debug|Any CPU
		{19B91E1C-DD99-A2FF-D4C7-D1D2E91A899E}.Release|Any CPU.ActiveCfg = Release|Any CPU
		{19B91E1C-DD99-A2FF-D4C7-D1D2E91A899E}.Release|Any CPU.Build.0 = Release|Any CPU
	EndGlobalSection
	GlobalSection(SolutionProperties) = preSolution
		HideSolutionNode = FALSE
	EndGlobalSection
EndGlobal
